// !$*UTF8*$!
{
	archiveVersion = 1;
	classes = {
	};
	objectVersion = 63;
	objects = {

/* Begin PBXBuildFile section */
		C55A8CB82CFD805100404831 /* AppDelegate.swift in Sources */ = {isa = PBXBuildFile; fileRef = C55A8CAE2CFD805100404831 /* AppDelegate.swift */; };
		C55A8CB92CFD805100404831 /* SceneDelegate.swift in Sources */ = {isa = PBXBuildFile; fileRef = C55A8CB52CFD805100404831 /* SceneDelegate.swift */; };
		C55A8CBA2CFD805100404831 /* ViewController.swift in Sources */ = {isa = PBXBuildFile; fileRef = C55A8CB62CFD805100404831 /* ViewController.swift */; };
		C55A8CBB2CFD805100404831 /* Assets.xcassets in Resources */ = {isa = PBXBuildFile; fileRef = C55A8CAF2CFD805100404831 /* Assets.xcassets */; };
		C55A8CBD2CFD805100404831 /* LaunchScreen.storyboard in Resources */ = {isa = PBXBuildFile; fileRef = C55A8CB22CFD805100404831 /* LaunchScreen.storyboard */; };
		C55A8CBE2CFD805100404831 /* Main.storyboard in Resources */ = {isa = PBXBuildFile; fileRef = C55A8CB42CFD805100404831 /* Main.storyboard */; };
		C55A8CC02CFD80E100404831 /* GMSMapViewController.swift in Sources */ = {isa = PBXBuildFile; fileRef = C55A8CBF2CFD80E100404831 /* GMSMapViewController.swift */; };
		C55A8CDD2CFD815800404831 /* libMapScaleView.a in Frameworks */ = {isa = PBXBuildFile; fileRef = C55A8CDC2CFD815800404831 /* libMapScaleView.a */; };
		C55A8CDF2CFD89E500404831 /* MKMapViewController.swift in Sources */ = {isa = PBXBuildFile; fileRef = C55A8CDE2CFD89E500404831 /* MKMapViewController.swift */; };
		DD37A86AB65CCC40B3F68112 /* Pods_MapScaleViewTester.framework in Frameworks */ = {isa = PBXBuildFile; fileRef = BB37D8EE24C8E3A674F27CED /* Pods_MapScaleViewTester.framework */; };
/* End PBXBuildFile section */

/* Begin PBXFileReference section */
		43CCF85F35B8394BD92ECA64 /* Pods-MapScaleViewTester.debug.xcconfig */ = {isa = PBXFileReference; includeInIndex = 1; lastKnownFileType = text.xcconfig; name = "Pods-MapScaleViewTester.debug.xcconfig"; path = "Target Support Files/Pods-MapScaleViewTester/Pods-MapScaleViewTester.debug.xcconfig"; sourceTree = "<group>"; };
		BB37D8EE24C8E3A674F27CED /* Pods_MapScaleViewTester.framework */ = {isa = PBXFileReference; explicitFileType = wrapper.framework; includeInIndex = 0; path = Pods_MapScaleViewTester.framework; sourceTree = BUILT_PRODUCTS_DIR; };
		C55A8C702CFD7A8800404831 /* MapScaleViewTester.app */ = {isa = PBXFileReference; explicitFileType = wrapper.application; includeInIndex = 0; path = MapScaleViewTester.app; sourceTree = BUILT_PRODUCTS_DIR; };
		C55A8CAE2CFD805100404831 /* AppDelegate.swift */ = {isa = PBXFileReference; lastKnownFileType = sourcecode.swift; path = AppDelegate.swift; sourceTree = "<group>"; };
		C55A8CAF2CFD805100404831 /* Assets.xcassets */ = {isa = PBXFileReference; lastKnownFileType = folder.assetcatalog; path = Assets.xcassets; sourceTree = "<group>"; };
		C55A8CB02CFD805100404831 /* Info.plist */ = {isa = PBXFileReference; lastKnownFileType = text.plist.xml; path = Info.plist; sourceTree = "<group>"; };
		C55A8CB12CFD805100404831 /* Base */ = {isa = PBXFileReference; lastKnownFileType = file.storyboard; name = Base; path = Base.lproj/LaunchScreen.storyboard; sourceTree = "<group>"; };
		C55A8CB32CFD805100404831 /* Base */ = {isa = PBXFileReference; lastKnownFileType = file.storyboard; name = Base; path = Base.lproj/Main.storyboard; sourceTree = "<group>"; };
		C55A8CB52CFD805100404831 /* SceneDelegate.swift */ = {isa = PBXFileReference; lastKnownFileType = sourcecode.swift; path = SceneDelegate.swift; sourceTree = "<group>"; };
		C55A8CB62CFD805100404831 /* ViewController.swift */ = {isa = PBXFileReference; lastKnownFileType = sourcecode.swift; path = ViewController.swift; sourceTree = "<group>"; };
		C55A8CBF2CFD80E100404831 /* GMSMapViewController.swift */ = {isa = PBXFileReference; lastKnownFileType = sourcecode.swift; path = GMSMapViewController.swift; sourceTree = "<group>"; };
		C55A8CDC2CFD815800404831 /* libMapScaleView.a */ = {isa = PBXFileReference; explicitFileType = archive.ar; path = libMapScaleView.a; sourceTree = BUILT_PRODUCTS_DIR; };
		C55A8CDE2CFD89E500404831 /* MKMapViewController.swift */ = {isa = PBXFileReference; lastKnownFileType = sourcecode.swift; path = MKMapViewController.swift; sourceTree = "<group>"; };
		E25E92708D2777E3222B437F /* Pods-MapScaleViewTester.release.xcconfig */ = {isa = PBXFileReference; includeInIndex = 1; lastKnownFileType = text.xcconfig; name = "Pods-MapScaleViewTester.release.xcconfig"; path = "Target Support Files/Pods-MapScaleViewTester/Pods-MapScaleViewTester.release.xcconfig"; sourceTree = "<group>"; };
/* End PBXFileReference section */

/* Begin PBXFrameworksBuildPhase section */
		C55A8C6D2CFD7A8800404831 /* Frameworks */ = {
			isa = PBXFrameworksBuildPhase;
			buildActionMask = 2147483647;
			files = (
				C55A8CDD2CFD815800404831 /* libMapScaleView.a in Frameworks */,
				DD37A86AB65CCC40B3F68112 /* Pods_MapScaleViewTester.framework in Frameworks */,
			);
			runOnlyForDeploymentPostprocessing = 0;
		};
/* End PBXFrameworksBuildPhase section */

/* Begin PBXGroup section */
		B0F90A43BECBF97D6ADFA69B /* Pods */ = {
			isa = PBXGroup;
			children = (
				43CCF85F35B8394BD92ECA64 /* Pods-MapScaleViewTester.debug.xcconfig */,
				E25E92708D2777E3222B437F /* Pods-MapScaleViewTester.release.xcconfig */,
			);
			name = Pods;
			path = ../Pods;
			sourceTree = "<group>";
		};
		C55A8C672CFD7A8800404831 = {
			isa = PBXGroup;
			children = (
				C55A8CB72CFD805100404831 /* MapScaleViewTester */,
				C55A8CDB2CFD815800404831 /* Frameworks */,
				C55A8C712CFD7A8800404831 /* Products */,
				B0F90A43BECBF97D6ADFA69B /* Pods */,
			);
			sourceTree = "<group>";
		};
		C55A8C712CFD7A8800404831 /* Products */ = {
			isa = PBXGroup;
			children = (
				C55A8C702CFD7A8800404831 /* MapScaleViewTester.app */,
			);
			name = Products;
			sourceTree = "<group>";
		};
		C55A8CB72CFD805100404831 /* MapScaleViewTester */ = {
			isa = PBXGroup;
			children = (
				C55A8CAE2CFD805100404831 /* AppDelegate.swift */,
				C55A8CB52CFD805100404831 /* SceneDelegate.swift */,
				C55A8CB22CFD805100404831 /* LaunchScreen.storyboard */,
				C55A8CB42CFD805100404831 /* Main.storyboard */,
				C55A8CB62CFD805100404831 /* ViewController.swift */,
				C55A8CBF2CFD80E100404831 /* GMSMapViewController.swift */,
				C55A8CDE2CFD89E500404831 /* MKMapViewController.swift */,
				C55A8CAF2CFD805100404831 /* Assets.xcassets */,
				C55A8CB02CFD805100404831 /* Info.plist */,
			);
			path = MapScaleViewTester;
			sourceTree = "<group>";
		};
		C55A8CDB2CFD815800404831 /* Frameworks */ = {
			isa = PBXGroup;
			children = (
				C55A8CDC2CFD815800404831 /* libMapScaleView.a */,
				BB37D8EE24C8E3A674F27CED /* Pods_MapScaleViewTester.framework */,
			);
			name = Frameworks;
			sourceTree = "<group>";
		};
/* End PBXGroup section */

/* Begin PBXNativeTarget section */
		C55A8C6F2CFD7A8800404831 /* MapScaleViewTester */ = {
			isa = PBXNativeTarget;
			buildConfigurationList = C55A8C832CFD7A8A00404831 /* Build configuration list for PBXNativeTarget "MapScaleViewTester" */;
			buildPhases = (
				DC7117FEDF58087413ED8F9F /* [CP] Check Pods Manifest.lock */,
				C55A8C6C2CFD7A8800404831 /* Sources */,
				C55A8C6D2CFD7A8800404831 /* Frameworks */,
				C55A8C6E2CFD7A8800404831 /* Resources */,
				8DC75FF4D1F798ED3D676CCA /* [CP] Copy Pods Resources */,
			);
			buildRules = (
			);
			dependencies = (
			);
			name = MapScaleViewTester;
			productName = MapScaleViewTester;
			productReference = C55A8C702CFD7A8800404831 /* MapScaleViewTester.app */;
			productType = "com.apple.product-type.application";
		};
/* End PBXNativeTarget section */

/* Begin PBXProject section */
		C55A8C682CFD7A8800404831 /* Project object */ = {
			isa = PBXProject;
			attributes = {
				BuildIndependentTargetsInParallel = 1;
				LastSwiftUpdateCheck = 1610;
				LastUpgradeCheck = 1610;
				TargetAttributes = {
					C55A8C6F2CFD7A8800404831 = {
						CreatedOnToolsVersion = 16.1;
					};
				};
			};
			buildConfigurationList = C55A8C6B2CFD7A8800404831 /* Build configuration list for PBXProject "MapScaleViewTester" */;
			compatibilityVersion = "Xcode 14.0";
			developmentRegion = en;
			hasScannedForEncodings = 0;
			knownRegions = (
				en,
				Base,
			);
			mainGroup = C55A8C672CFD7A8800404831;
			minimizedProjectReferenceProxies = 1;
			productRefGroup = C55A8C712CFD7A8800404831 /* Products */;
			projectDirPath = "";
			projectRoot = "";
			targets = (
				C55A8C6F2CFD7A8800404831 /* MapScaleViewTester */,
			);
		};
/* End PBXProject section */

/* Begin PBXResourcesBuildPhase section */
		C55A8C6E2CFD7A8800404831 /* Resources */ = {
			isa = PBXResourcesBuildPhase;
			buildActionMask = 2147483647;
			files = (
				C55A8CBB2CFD805100404831 /* Assets.xcassets in Resources */,
				C55A8CBD2CFD805100404831 /* LaunchScreen.storyboard in Resources */,
				C55A8CBE2CFD805100404831 /* Main.storyboard in Resources */,
			);
			runOnlyForDeploymentPostprocessing = 0;
		};
/* End PBXResourcesBuildPhase section */

/* Begin PBXShellScriptBuildPhase section */
		8DC75FF4D1F798ED3D676CCA /* [CP] Copy Pods Resources */ = {
			isa = PBXShellScriptBuildPhase;
			buildActionMask = 2147483647;
			files = (
			);
			inputFileListPaths = (
				"${PODS_ROOT}/Target Support Files/Pods-MapScaleViewTester/Pods-MapScaleViewTester-resources-${CONFIGURATION}-input-files.xcfilelist",
			);
			name = "[CP] Copy Pods Resources";
			outputFileListPaths = (
				"${PODS_ROOT}/Target Support Files/Pods-MapScaleViewTester/Pods-MapScaleViewTester-resources-${CONFIGURATION}-output-files.xcfilelist",
			);
			runOnlyForDeploymentPostprocessing = 0;
			shellPath = /bin/sh;
			shellScript = "\"${PODS_ROOT}/Target Support Files/Pods-MapScaleViewTester/Pods-MapScaleViewTester-resources.sh\"\n";
			showEnvVarsInLog = 0;
		};
		DC7117FEDF58087413ED8F9F /* [CP] Check Pods Manifest.lock */ = {
			isa = PBXShellScriptBuildPhase;
			buildActionMask = 2147483647;
			files = (
			);
			inputFileListPaths = (
			);
			inputPaths = (
				"${PODS_PODFILE_DIR_PATH}/Podfile.lock",
				"${PODS_ROOT}/Manifest.lock",
			);
			name = "[CP] Check Pods Manifest.lock";
			outputFileListPaths = (
			);
			outputPaths = (
				"$(DERIVED_FILE_DIR)/Pods-MapScaleViewTester-checkManifestLockResult.txt",
			);
			runOnlyForDeploymentPostprocessing = 0;
			shellPath = /bin/sh;
			shellScript = "diff \"${PODS_PODFILE_DIR_PATH}/Podfile.lock\" \"${PODS_ROOT}/Manifest.lock\" > /dev/null\nif [ $? != 0 ] ; then\n    # print error to STDERR\n    echo \"error: The sandbox is not in sync with the Podfile.lock. Run 'pod install' or update your CocoaPods installation.\" >&2\n    exit 1\nfi\n# This output is used by Xcode 'outputs' to avoid re-running this script phase.\necho \"SUCCESS\" > \"${SCRIPT_OUTPUT_FILE_0}\"\n";
			showEnvVarsInLog = 0;
		};
/* End PBXShellScriptBuildPhase section */

/* Begin PBXSourcesBuildPhase section */
		C55A8C6C2CFD7A8800404831 /* Sources */ = {
			isa = PBXSourcesBuildPhase;
			buildActionMask = 2147483647;
			files = (
				C55A8CDF2CFD89E500404831 /* MKMapViewController.swift in Sources */,
				C55A8CB82CFD805100404831 /* AppDelegate.swift in Sources */,
				C55A8CB92CFD805100404831 /* SceneDelegate.swift in Sources */,
				C55A8CC02CFD80E100404831 /* GMSMapViewController.swift in Sources */,
				C55A8CBA2CFD805100404831 /* ViewController.swift in Sources */,
			);
			runOnlyForDeploymentPostprocessing = 0;
		};
/* End PBXSourcesBuildPhase section */

/* Begin PBXVariantGroup section */
		C55A8CB22CFD805100404831 /* LaunchScreen.storyboard */ = {
			isa = PBXVariantGroup;
			children = (
				C55A8CB12CFD805100404831 /* Base */,
			);
			name = LaunchScreen.storyboard;
			sourceTree = "<group>";
		};
		C55A8CB42CFD805100404831 /* Main.storyboard */ = {
			isa = PBXVariantGroup;
			children = (
				C55A8CB32CFD805100404831 /* Base */,
			);
			name = Main.storyboard;
			sourceTree = "<group>";
		};
/* End PBXVariantGroup section */

/* Begin XCBuildConfiguration section */
		C55A8C842CFD7A8A00404831 /* Debug */ = {
			isa = XCBuildConfiguration;
			baseConfigurationReference = 43CCF85F35B8394BD92ECA64 /* Pods-MapScaleViewTester.debug.xcconfig */;
			buildSettings = {
				ASSETCATALOG_COMPILER_APPICON_NAME = AppIcon;
				ASSETCATALOG_COMPILER_GLOBAL_ACCENT_COLOR_NAME = AccentColor;
				CODE_SIGN_STYLE = Automatic;
				CURRENT_PROJECT_VERSION = 1;
				DEVELOPMENT_TEAM = W7UG36T298;
				GENERATE_INFOPLIST_FILE = YES;
				INFOPLIST_FILE = MapScaleViewTester/Info.plist;
				INFOPLIST_KEY_UIApplicationSupportsIndirectInputEvents = YES;
				INFOPLIST_KEY_UILaunchStoryboardName = LaunchScreen;
				INFOPLIST_KEY_UIMainStoryboardFile = Main;
				INFOPLIST_KEY_UISupportedInterfaceOrientations_iPad = "UIInterfaceOrientationPortrait UIInterfaceOrientationPortraitUpsideDown UIInterfaceOrientationLandscapeLeft UIInterfaceOrientationLandscapeRight";
				INFOPLIST_KEY_UISupportedInterfaceOrientations_iPhone = "UIInterfaceOrientationPortrait UIInterfaceOrientationLandscapeLeft UIInterfaceOrientationLandscapeRight";
				IPHONEOS_DEPLOYMENT_TARGET = 15.6;
				LD_RUNPATH_SEARCH_PATHS = (
					"$(inherited)",
					"@executable_path/Frameworks",
				);
				MARKETING_VERSION = 1.0;
				PRODUCT_BUNDLE_IDENTIFIER = com.xattacker.MapScaleViewTester;
				PRODUCT_NAME = "$(TARGET_NAME)";
				SWIFT_EMIT_LOC_STRINGS = YES;
				SWIFT_VERSION = 5.0;
				TARGETED_DEVICE_FAMILY = "1,2";
			};
			name = Debug;
		};
		C55A8C852CFD7A8A00404831 /* Release */ = {
			isa = XCBuildConfiguration;
			baseConfigurationReference = E25E92708D2777E3222B437F /* Pods-MapScaleViewTester.release.xcconfig */;
			buildSettings = {
				ASSETCATALOG_COMPILER_APPICON_NAME = AppIcon;
				ASSETCATALOG_COMPILER_GLOBAL_ACCENT_COLOR_NAME = AccentColor;
				CODE_SIGN_STYLE = Automatic;
				CURRENT_PROJECT_VERSION = 1;
				DEVELOPMENT_TEAM = W7UG36T298;
				GENERATE_INFOPLIST_FILE = YES;
				INFOPLIST_FILE = MapScaleViewTester/Info.plist;
				INFOPLIST_KEY_UIApplicationSupportsIndirectInputEvents = YES;
				INFOPLIST_KEY_UILaunchStoryboardName = LaunchScreen;
				INFOPLIST_KEY_UIMainStoryboardFile = Main;
				INFOPLIST_KEY_UISupportedInterfaceOrientations_iPad = "UIInterfaceOrientationPortrait UIInterfaceOrientationPortraitUpsideDown UIInterfaceOrientationLandscapeLeft UIInterfaceOrientationLandscapeRight";
				INFOPLIST_KEY_UISupportedInterfaceOrientations_iPhone = "UIInterfaceOrientationPortrait UIInterfaceOrientationLandscapeLeft UIInterfaceOrientationLandscapeRight";
				IPHONEOS_DEPLOYMENT_TARGET = 15.6;
				LD_RUNPATH_SEARCH_PATHS = (
					"$(inherited)",
					"@executable_path/Frameworks",
				);
				MARKETING_VERSION = 1.0;
				PRODUCT_BUNDLE_IDENTIFIER = com.xattacker.MapScaleViewTester;
				PRODUCT_NAME = "$(TARGET_NAME)";
				SWIFT_EMIT_LOC_STRINGS = YES;
				SWIFT_VERSION = 5.0;
				TARGETED_DEVICE_FAMILY = "1,2";
			};
			name = Release;
		};
		C55A8C862CFD7A8A00404831 /* Debug */ = {
			isa = XCBuildConfiguration;
			buildSettings = {
				ALWAYS_SEARCH_USER_PATHS = NO;
				ASSETCATALOG_COMPILER_GENERATE_SWIFT_ASSET_SYMBOL_EXTENSIONS = YES;
				CLANG_ANALYZER_NONNULL = YES;
				CLANG_ANALYZER_NUMBER_OBJECT_CONVERSION = YES_AGGRESSIVE;
				CLANG_CXX_LANGUAGE_STANDARD = "gnu++20";
				CLANG_ENABLE_MODULES = YES;
				CLANG_ENABLE_OBJC_ARC = YES;
				CLANG_ENABLE_OBJC_WEAK = YES;
				CLANG_WARN_BLOCK_CAPTURE_AUTORELEASING = YES;
				CLANG_WARN_BOOL_CONVERSION = YES;
				CLANG_WARN_COMMA = YES;
				CLANG_WARN_CONSTANT_CONVERSION = YES;
				CLANG_WARN_DEPRECATED_OBJC_IMPLEMENTATIONS = YES;
				CLANG_WARN_DIRECT_OBJC_ISA_USAGE = YES_ERROR;
				CLANG_WARN_DOCUMENTATION_COMMENTS = YES;
				CLANG_WARN_EMPTY_BODY = YES;
				CLANG_WARN_ENUM_CONVERSION = YES;
				CLANG_WARN_INFINITE_RECURSION = YES;
				CLANG_WARN_INT_CONVERSION = YES;
				CLANG_WARN_NON_LITERAL_NULL_CONVERSION = YES;
				CLANG_WARN_OBJC_IMPLICIT_RETAIN_SELF = YES;
				CLANG_WARN_OBJC_LITERAL_CONVERSION = YES;
				CLANG_WARN_OBJC_ROOT_CLASS = YES_ERROR;
				CLANG_WARN_QUOTED_INCLUDE_IN_FRAMEWORK_HEADER = YES;
				CLANG_WARN_RANGE_LOOP_ANALYSIS = YES;
				CLANG_WARN_STRICT_PROTOTYPES = YES;
				CLANG_WARN_SUSPICIOUS_MOVE = YES;
				CLANG_WARN_UNGUARDED_AVAILABILITY = YES_AGGRESSIVE;
				CLANG_WARN_UNREACHABLE_CODE = YES;
				CLANG_WARN__DUPLICATE_METHOD_MATCH = YES;
				COPY_PHASE_STRIP = NO;
				DEBUG_INFORMATION_FORMAT = dwarf;
				ENABLE_STRICT_OBJC_MSGSEND = YES;
				ENABLE_TESTABILITY = YES;
				ENABLE_USER_SCRIPT_SANDBOXING = NO;
				GCC_C_LANGUAGE_STANDARD = gnu17;
				GCC_DYNAMIC_NO_PIC = NO;
				GCC_NO_COMMON_BLOCKS = YES;
				GCC_OPTIMIZATION_LEVEL = 0;
				GCC_PREPROCESSOR_DEFINITIONS = (
					"DEBUG=1",
					"$(inherited)",
				);
				GCC_WARN_64_TO_32_BIT_CONVERSION = YES;
				GCC_WARN_ABOUT_RETURN_TYPE = YES_ERROR;
				GCC_WARN_UNDECLARED_SELECTOR = YES;
				GCC_WARN_UNINITIALIZED_AUTOS = YES_AGGRESSIVE;
				GCC_WARN_UNUSED_FUNCTION = YES;
				GCC_WARN_UNUSED_VARIABLE = YES;
				IPHONEOS_DEPLOYMENT_TARGET = 15.6;
				LOCALIZATION_PREFERS_STRING_CATALOGS = YES;
				MTL_ENABLE_DEBUG_INFO = INCLUDE_SOURCE;
				MTL_FAST_MATH = YES;
				ONLY_ACTIVE_ARCH = YES;
				SDKROOT = iphoneos;
				SWIFT_ACTIVE_COMPILATION_CONDITIONS = "DEBUG $(inherited)";
				SWIFT_OPTIMIZATION_LEVEL = "-Onone";
			};
			name = Debug;
		};
		C55A8C872CFD7A8A00404831 /* Release */ = {
			isa = XCBuildConfiguration;
			buildSettings = {
				ALWAYS_SEARCH_USER_PATHS = NO;
				ASSETCATALOG_COMPILER_GENERATE_SWIFT_ASSET_SYMBOL_EXTENSIONS = YES;
				CLANG_ANALYZER_NONNULL = YES;
				CLANG_ANALYZER_NUMBER_OBJECT_CONVERSION = YES_AGGRESSIVE;
				CLANG_CXX_LANGUAGE_STANDARD = "gnu++20";
				CLANG_ENABLE_MODULES = YES;
				CLANG_ENABLE_OBJC_ARC = YES;
				CLANG_ENABLE_OBJC_WEAK = YES;
				CLANG_WARN_BLOCK_CAPTURE_AUTORELEASING = YES;
				CLANG_WARN_BOOL_CONVERSION = YES;
				CLANG_WARN_COMMA = YES;
				CLANG_WARN_CONSTANT_CONVERSION = YES;
				CLANG_WARN_DEPRECATED_OBJC_IMPLEMENTATIONS = YES;
				CLANG_WARN_DIRECT_OBJC_ISA_USAGE = YES_ERROR;
				CLANG_WARN_DOCUMENTATION_COMMENTS = YES;
				CLANG_WARN_EMPTY_BODY = YES;
				CLANG_WARN_ENUM_CONVERSION = YES;
				CLANG_WARN_INFINITE_RECURSION = YES;
				CLANG_WARN_INT_CONVERSION = YES;
				CLANG_WARN_NON_LITERAL_NULL_CONVERSION = YES;
				CLANG_WARN_OBJC_IMPLICIT_RETAIN_SELF = YES;
				CLANG_WARN_OBJC_LITERAL_CONVERSION = YES;
				CLANG_WARN_OBJC_ROOT_CLASS = YES_ERROR;
				CLANG_WARN_QUOTED_INCLUDE_IN_FRAMEWORK_HEADER = YES;
				CLANG_WARN_RANGE_LOOP_ANALYSIS = YES;
				CLANG_WARN_STRICT_PROTOTYPES = YES;
				CLANG_WARN_SUSPICIOUS_MOVE = YES;
				CLANG_WARN_UNGUARDED_AVAILABILITY = YES_AGGRESSIVE;
				CLANG_WARN_UNREACHABLE_CODE = YES;
				CLANG_WARN__DUPLICATE_METHOD_MATCH = YES;
				COPY_PHASE_STRIP = NO;
				DEBUG_INFORMATION_FORMAT = "dwarf-with-dsym";
				ENABLE_NS_ASSERTIONS = NO;
				ENABLE_STRICT_OBJC_MSGSEND = YES;
				ENABLE_USER_SCRIPT_SANDBOXING = NO;
				GCC_C_LANGUAGE_STANDARD = gnu17;
				GCC_NO_COMMON_BLOCKS = YES;
				GCC_WARN_64_TO_32_BIT_CONVERSION = YES;
				GCC_WARN_ABOUT_RETURN_TYPE = YES_ERROR;
				GCC_WARN_UNDECLARED_SELECTOR = YES;
				GCC_WARN_UNINITIALIZED_AUTOS = YES_AGGRESSIVE;
				GCC_WARN_UNUSED_FUNCTION = YES;
				GCC_WARN_UNUSED_VARIABLE = YES;
				IPHONEOS_DEPLOYMENT_TARGET = 15.6;
				LOCALIZATION_PREFERS_STRING_CATALOGS = YES;
				MTL_ENABLE_DEBUG_INFO = NO;
				MTL_FAST_MATH = YES;
				SDKROOT = iphoneos;
				SWIFT_COMPILATION_MODE = wholemodule;
				VALIDATE_PRODUCT = YES;
			};
			name = Release;
		};
/* End XCBuildConfiguration section */

/* Begin XCConfigurationList section */
		C55A8C6B2CFD7A8800404831 /* Build configuration list for PBXProject "MapScaleViewTester" */ = {
			isa = XCConfigurationList;
			buildConfigurations = (
				C55A8C862CFD7A8A00404831 /* Debug */,
				C55A8C872CFD7A8A00404831 /* Release */,
			);
			defaultConfigurationIsVisible = 0;
			defaultConfigurationName = Release;
		};
		C55A8C832CFD7A8A00404831 /* Build configuration list for PBXNativeTarget "MapScaleViewTester" */ = {
			isa = XCConfigurationList;
			buildConfigurations = (
				C55A8C842CFD7A8A00404831 /* Debug */,
				C55A8C852CFD7A8A00404831 /* Release */,
			);
			defaultConfigurationIsVisible = 0;
			defaultConfigurationName = Release;
		};
/* End XCConfigurationList section */
	};
	rootObject = C55A8C682CFD7A8800404831 /* Project object */;
}
